
Microsoft Visual Studio Solution File, Format Version 12.00
# Visual Studio Version 16
VisualStudioVersion = 16.0.31129.286
MinimumVisualStudioVersion = 10.0.40219.1
Project("{FAE04EC0-301F-11D3-BF4B-00C04F79EFBC}") = "QLTV_N2", "QLTV_N2\QLTV_N2.csproj", "{976E7D62-7BDC-4526-B21F-49D013925618}"
EndProject
Global
	GlobalSection(SolutionConfigurationPlatforms) = preSolution
		Debug|Any CPU = Debug|Any CPU
		Release|Any CPU = Release|Any CPU
	EndGlobalSection
	GlobalSection(ProjectConfigurationPlatforms) = postSolution
		{976E7D62-7BDC-4526-B21F-49D013925618}.Debug|Any CPU.ActiveCfg = Debug|Any CPU
		{976E7D62-7BDC-4526-B21F-49D013925618}.Debug|Any CPU.Build.0 = Debug|Any CPU
		{976E7D62-7BDC-4526-B21F-49D013925618}.Release|Any CPU.ActiveCfg = Release|Any CPU
		{976E7D62-7BDC-4526-B21F-49D013925618}.Release|Any CPU.Build.0 = Release|Any CPU
	EndGlobalSection
	GlobalSection(SolutionProperties) = preSolution
		HideSolutionNode = FALSE
	EndGlobalSection
	GlobalSection(ExtensibilityGlobals) = postSolution
		SolutionGuid = {71F9BFC5-0D9C-456E-8D05-163682B459A9}
	EndGlobalSection
EndGlobal
